
Microsoft Visual Studio Solution File, Format Version 12.00
# Visual Studio 15
VisualStudioVersion = 15.0.28010.2003
MinimumVisualStudioVersion = 10.0.40219.1
Project("{FAE04EC0-301F-11D3-BF4B-00C04F79EFBC}") = "DCode.Web", "DCode.Web\DCode.Web.csproj", "{E46A1BA1-E816-4DE9-A61C-AB4E2899CD2C}"
EndProject
Project("{FAE04EC0-301F-11D3-BF4B-00C04F79EFBC}") = "DCode.Web.Tests", "DCode.Web.Tests\DCode.Web.Tests.csproj", "{3E94E0A4-893B-4DFF-BBDA-190FA559999A}"
EndProject
Project("{FAE04EC0-301F-11D3-BF4B-00C04F79EFBC}") = "DCode.Services", "DCode.Services\DCode.Services.csproj", "{D2F6FCFC-AC10-4150-BC8B-A1AF7760A385}"
EndProject
Project("{FAE04EC0-301F-11D3-BF4B-00C04F79EFBC}") = "DCode.Data", "DCode.Data\DCode.Data.csproj", "{7B1BAF3F-E9AA-4BF7-851F-9F37F3065291}"
EndProject
Project("{FAE04EC0-301F-11D3-BF4B-00C04F79EFBC}") = "DCode.Common", "DCode.Common\DCode.Common.csproj", "{CB32FAB3-5FBA-4051-A704-9D3D8751DE58}"
EndProject
Project("{FAE04EC0-301F-11D3-BF4B-00C04F79EFBC}") = "DCode.Models", "DCode.Models\DCode.Models.csproj", "{CD243C46-15DE-4426-8C09-601F5F022B15}"
EndProject
Project("{2150E333-8FDC-42A3-9474-1A3956D46DE8}") = "Scheduled Tasks", "Scheduled Tasks", "{F1DEA89C-E02C-4327-BE63-7A551ABB1F2D}"
EndProject
Project("{FAE04EC0-301F-11D3-BF4B-00C04F79EFBC}") = "DCode.ScheduledTasks.TaskNotifications", "DCode.ScheduledTasks.TaskNotifications\DCode.ScheduledTasks.TaskNotifications.csproj", "{590E521D-F1C0-4D1C-872E-8B18FFB7DC4B}"
EndProject
Project("{FAE04EC0-301F-11D3-BF4B-00C04F79EFBC}") = "SearchApplication", "..\Deloitte Imp\Tech X stuff\Code\SearchApplication\SearchApplication.csproj", "{AFA0752A-6D94-4784-A528-194E83195350}"
EndProject
Global
	GlobalSection(SolutionConfigurationPlatforms) = preSolution
		Debug|Any CPU = Debug|Any CPU
		Release|Any CPU = Release|Any CPU
	EndGlobalSection
	GlobalSection(ProjectConfigurationPlatforms) = postSolution
		{E46A1BA1-E816-4DE9-A61C-AB4E2899CD2C}.Debug|Any CPU.ActiveCfg = Debug|Any CPU
		{E46A1BA1-E816-4DE9-A61C-AB4E2899CD2C}.Debug|Any CPU.Build.0 = Debug|Any CPU
		{E46A1BA1-E816-4DE9-A61C-AB4E2899CD2C}.Release|Any CPU.ActiveCfg = Release|Any CPU
		{E46A1BA1-E816-4DE9-A61C-AB4E2899CD2C}.Release|Any CPU.Build.0 = Release|Any CPU
		{3E94E0A4-893B-4DFF-BBDA-190FA559999A}.Debug|Any CPU.ActiveCfg = Debug|Any CPU
		{3E94E0A4-893B-4DFF-BBDA-190FA559999A}.Debug|Any CPU.Build.0 = Debug|Any CPU
		{3E94E0A4-893B-4DFF-BBDA-190FA559999A}.Release|Any CPU.ActiveCfg = Release|Any CPU
		{3E94E0A4-893B-4DFF-BBDA-190FA559999A}.Release|Any CPU.Build.0 = Release|Any CPU
		{D2F6FCFC-AC10-4150-BC8B-A1AF7760A385}.Debug|Any CPU.ActiveCfg = Debug|Any CPU
		{D2F6FCFC-AC10-4150-BC8B-A1AF7760A385}.Debug|Any CPU.Build.0 = Debug|Any CPU
		{D2F6FCFC-AC10-4150-BC8B-A1AF7760A385}.Release|Any CPU.ActiveCfg = Release|Any CPU
		{D2F6FCFC-AC10-4150-BC8B-A1AF7760A385}.Release|Any CPU.Build.0 = Release|Any CPU
		{7B1BAF3F-E9AA-4BF7-851F-9F37F3065291}.Debug|Any CPU.ActiveCfg = Debug|Any CPU
		{7B1BAF3F-E9AA-4BF7-851F-9F37F3065291}.Debug|Any CPU.Build.0 = Debug|Any CPU
		{7B1BAF3F-E9AA-4BF7-851F-9F37F3065291}.Release|Any CPU.ActiveCfg = Release|Any CPU
		{7B1BAF3F-E9AA-4BF7-851F-9F37F3065291}.Release|Any CPU.Build.0 = Release|Any CPU
		{CB32FAB3-5FBA-4051-A704-9D3D8751DE58}.Debug|Any CPU.ActiveCfg = Debug|Any CPU
		{CB32FAB3-5FBA-4051-A704-9D3D8751DE58}.Debug|Any CPU.Build.0 = Debug|Any CPU
		{CB32FAB3-5FBA-4051-A704-9D3D8751DE58}.Release|Any CPU.ActiveCfg = Release|Any CPU
		{CB32FAB3-5FBA-4051-A704-9D3D8751DE58}.Release|Any CPU.Build.0 = Release|Any CPU
		{CD243C46-15DE-4426-8C09-601F5F022B15}.Debug|Any CPU.ActiveCfg = Debug|Any CPU
		{CD243C46-15DE-4426-8C09-601F5F022B15}.Debug|Any CPU.Build.0 = Debug|Any CPU
		{CD243C46-15DE-4426-8C09-601F5F022B15}.Release|Any CPU.ActiveCfg = Release|Any CPU
		{CD243C46-15DE-4426-8C09-601F5F022B15}.Release|Any CPU.Build.0 = Release|Any CPU
		{590E521D-F1C0-4D1C-872E-8B18FFB7DC4B}.Debug|Any CPU.ActiveCfg = Debug|Any CPU
		{590E521D-F1C0-4D1C-872E-8B18FFB7DC4B}.Debug|Any CPU.Build.0 = Debug|Any CPU
		{590E521D-F1C0-4D1C-872E-8B18FFB7DC4B}.Release|Any CPU.ActiveCfg = Release|Any CPU
		{590E521D-F1C0-4D1C-872E-8B18FFB7DC4B}.Release|Any CPU.Build.0 = Release|Any CPU
		{AFA0752A-6D94-4784-A528-194E83195350}.Debug|Any CPU.ActiveCfg = Debug|Any CPU
		{AFA0752A-6D94-4784-A528-194E83195350}.Debug|Any CPU.Build.0 = Debug|Any CPU
		{AFA0752A-6D94-4784-A528-194E83195350}.Release|Any CPU.ActiveCfg = Release|Any CPU
		{AFA0752A-6D94-4784-A528-194E83195350}.Release|Any CPU.Build.0 = Release|Any CPU
	EndGlobalSection
	GlobalSection(SolutionProperties) = preSolution
		HideSolutionNode = FALSE
	EndGlobalSection
	GlobalSection(NestedProjects) = preSolution
		{590E521D-F1C0-4D1C-872E-8B18FFB7DC4B} = {F1DEA89C-E02C-4327-BE63-7A551ABB1F2D}
	EndGlobalSection
	GlobalSection(ExtensibilityGlobals) = postSolution
		SolutionGuid = {758C9EDE-0EDF-46EF-BE9F-7E83F594D58D}
	EndGlobalSection
EndGlobal
